
Microsoft Visual Studio Solution File, Format Version 12.00
# Visual Studio Version 16
VisualStudioVersion = 16.0.31019.35
MinimumVisualStudioVersion = 10.0.40219.1
Project("{9A19103F-16F7-4668-BE54-9A1E7A4F7556}") = "RecepieServer", "RecepieServer\RecepieServer.csproj", "{53F03992-E5CA-4BA5-886B-AC25B3E0B685}"
EndProject
Global
	GlobalSection(SolutionConfigurationPlatforms) = preSolution
		Debug|Any CPU = Debug|Any CPU
		Debug|iPhone = Debug|iPhone
		Debug|iPhoneSimulator = Debug|iPhoneSimulator
		Release|Any CPU = Release|Any CPU
		Release|iPhone = Release|iPhone
		Release|iPhoneSimulator = Release|iPhoneSimulator
	EndGlobalSection
	GlobalSection(ProjectConfigurationPlatforms) = postSolution
		{53F03992-E5CA-4BA5-886B-AC25B3E0B685}.Debug|Any CPU.ActiveCfg = Debug|Any CPU
		{53F03992-E5CA-4BA5-886B-AC25B3E0B685}.Debug|Any CPU.Build.0 = Debug|Any CPU
		{53F03992-E5CA-4BA5-886B-AC25B3E0B685}.Debug|iPhone.ActiveCfg = Debug|Any CPU
		{53F03992-E5CA-4BA5-886B-AC25B3E0B685}.Debug|iPhone.Build.0 = Debug|Any CPU
		{53F03992-E5CA-4BA5-886B-AC25B3E0B685}.Debug|iPhoneSimulator.ActiveCfg = Debug|Any CPU
		{53F03992-E5CA-4BA5-886B-AC25B3E0B685}.Debug|iPhoneSimulator.Build.0 = Debug|Any CPU
		{53F03992-E5CA-4BA5-886B-AC25B3E0B685}.Release|Any CPU.ActiveCfg = Release|Any CPU
		{53F03992-E5CA-4BA5-886B-AC25B3E0B685}.Release|Any CPU.Build.0 = Release|Any CPU
		{53F03992-E5CA-4BA5-886B-AC25B3E0B685}.Release|iPhone.ActiveCfg = Release|Any CPU
		{53F03992-E5CA-4BA5-886B-AC25B3E0B685}.Release|iPhone.Build.0 = Release|Any CPU
		{53F03992-E5CA-4BA5-886B-AC25B3E0B685}.Release|iPhoneSimulator.ActiveCfg = Release|Any CPU
		{53F03992-E5CA-4BA5-886B-AC25B3E0B685}.Release|iPhoneSimulator.Build.0 = Release|Any CPU
	EndGlobalSection
	GlobalSection(SolutionProperties) = preSolution
		HideSolutionNode = FALSE
	EndGlobalSection
	GlobalSection(ExtensibilityGlobals) = postSolution
		SolutionGuid = {70E762DD-90CE-43C4-A9AD-A94F49F2D181}
	EndGlobalSection
EndGlobal
